<Solution>
  <Folder Name="/HeroRealms.Console/">
    <Project Path="HeroRealms.Console/HeroRealms.Console/HeroRealms.Console.csproj" />
  </Folder>
  <Folder Name="/HeroRealms.Core/">
    <Project Path="HeroRealms.Core/HeroRealms.Core/HeroRealms.Core.csproj" />
  </Folder>
  <Project Path="HeroRealms.Data/HeroRealms.Data.csproj" />
</Solution>
